
Microsoft Visual Studio Solution File, Format Version 12.00
# Visual Studio 15
VisualStudioVersion = 15.0.26730.16
MinimumVisualStudioVersion = 10.0.40219.1
Project("{FAE04EC0-301F-11D3-BF4B-00C04F79EFBC}") = "ExtractEmails", "ExtractEmails\ExtractEmails.csproj", "{718580C2-C743-4052-9FB9-CF99DDB94238}"
EndProject
Global
	GlobalSection(SolutionConfigurationPlatforms) = preSolution
		Debug|Any CPU = Debug|Any CPU
		Release|Any CPU = Release|Any CPU
	EndGlobalSection
	GlobalSection(ProjectConfigurationPlatforms) = postSolution
		{718580C2-C743-4052-9FB9-CF99DDB94238}.Debug|Any CPU.ActiveCfg = Debug|Any CPU
		{718580C2-C743-4052-9FB9-CF99DDB94238}.Debug|Any CPU.Build.0 = Debug|Any CPU
		{718580C2-C743-4052-9FB9-CF99DDB94238}.Release|Any CPU.ActiveCfg = Release|Any CPU
		{718580C2-C743-4052-9FB9-CF99DDB94238}.Release|Any CPU.Build.0 = Release|Any CPU
	EndGlobalSection
	GlobalSection(SolutionProperties) = preSolution
		HideSolutionNode = FALSE
	EndGlobalSection
	GlobalSection(ExtensibilityGlobals) = postSolution
		SolutionGuid = {EB6F5BC1-B02E-4517-82A2-D5E1C37669A8}
	EndGlobalSection
EndGlobal
