
Microsoft Visual Studio Solution File, Format Version 12.00
# Visual Studio 15
VisualStudioVersion = 15.0.26730.16
MinimumVisualStudioVersion = 10.0.40219.1
Project("{FAE04EC0-301F-11D3-BF4B-00C04F79EFBC}") = "BookLibraryModification", "BookLibraryModification\BookLibraryModification.csproj", "{0A4A0922-795B-45C4-BD6C-87E391253F99}"
EndProject
Global
	GlobalSection(SolutionConfigurationPlatforms) = preSolution
		Debug|Any CPU = Debug|Any CPU
		Release|Any CPU = Release|Any CPU
	EndGlobalSection
	GlobalSection(ProjectConfigurationPlatforms) = postSolution
		{0A4A0922-795B-45C4-BD6C-87E391253F99}.Debug|Any CPU.ActiveCfg = Debug|Any CPU
		{0A4A0922-795B-45C4-BD6C-87E391253F99}.Debug|Any CPU.Build.0 = Debug|Any CPU
		{0A4A0922-795B-45C4-BD6C-87E391253F99}.Release|Any CPU.ActiveCfg = Release|Any CPU
		{0A4A0922-795B-45C4-BD6C-87E391253F99}.Release|Any CPU.Build.0 = Release|Any CPU
	EndGlobalSection
	GlobalSection(SolutionProperties) = preSolution
		HideSolutionNode = FALSE
	EndGlobalSection
	GlobalSection(ExtensibilityGlobals) = postSolution
		SolutionGuid = {2426913C-B028-4BB7-B9F7-CCA50B8809E8}
	EndGlobalSection
EndGlobal
