
Microsoft Visual Studio Solution File, Format Version 12.00
# Visual Studio 15
VisualStudioVersion = 15.0.26730.16
MinimumVisualStudioVersion = 10.0.40219.1
Project("{FAE04EC0-301F-11D3-BF4B-00C04F79EFBC}") = "MultiplyBigNumber", "MultiplyBigNumber\MultiplyBigNumber.csproj", "{3B7F1A0F-0570-4A82-84E2-AD6B393918D3}"
EndProject
Global
	GlobalSection(SolutionConfigurationPlatforms) = preSolution
		Debug|Any CPU = Debug|Any CPU
		Release|Any CPU = Release|Any CPU
	EndGlobalSection
	GlobalSection(ProjectConfigurationPlatforms) = postSolution
		{3B7F1A0F-0570-4A82-84E2-AD6B393918D3}.Debug|Any CPU.ActiveCfg = Debug|Any CPU
		{3B7F1A0F-0570-4A82-84E2-AD6B393918D3}.Debug|Any CPU.Build.0 = Debug|Any CPU
		{3B7F1A0F-0570-4A82-84E2-AD6B393918D3}.Release|Any CPU.ActiveCfg = Release|Any CPU
		{3B7F1A0F-0570-4A82-84E2-AD6B393918D3}.Release|Any CPU.Build.0 = Release|Any CPU
	EndGlobalSection
	GlobalSection(SolutionProperties) = preSolution
		HideSolutionNode = FALSE
	EndGlobalSection
	GlobalSection(ExtensibilityGlobals) = postSolution
		SolutionGuid = {F4B7403D-6521-4AEA-AF9D-82E5FD44939E}
	EndGlobalSection
EndGlobal
