
Microsoft Visual Studio Solution File, Format Version 12.00
# Visual Studio 15
VisualStudioVersion = 15.0.26430.14
MinimumVisualStudioVersion = 10.0.40219.1
Project("{FAE04EC0-301F-11D3-BF4B-00C04F79EFBC}") = "CaloriesCounter", "CaloriesCounter\CaloriesCounter.csproj", "{2CACBB8F-9E49-4BA8-918E-52A423AFB35D}"
EndProject
Global
	GlobalSection(SolutionConfigurationPlatforms) = preSolution
		Debug|Any CPU = Debug|Any CPU
		Release|Any CPU = Release|Any CPU
	EndGlobalSection
	GlobalSection(ProjectConfigurationPlatforms) = postSolution
		{2CACBB8F-9E49-4BA8-918E-52A423AFB35D}.Debug|Any CPU.ActiveCfg = Debug|Any CPU
		{2CACBB8F-9E49-4BA8-918E-52A423AFB35D}.Debug|Any CPU.Build.0 = Debug|Any CPU
		{2CACBB8F-9E49-4BA8-918E-52A423AFB35D}.Release|Any CPU.ActiveCfg = Release|Any CPU
		{2CACBB8F-9E49-4BA8-918E-52A423AFB35D}.Release|Any CPU.Build.0 = Release|Any CPU
	EndGlobalSection
	GlobalSection(SolutionProperties) = preSolution
		HideSolutionNode = FALSE
	EndGlobalSection
EndGlobal
