
Microsoft Visual Studio Solution File, Format Version 12.00
# Visual Studio 15
VisualStudioVersion = 15.0.26730.16
MinimumVisualStudioVersion = 10.0.40219.1
Project("{FAE04EC0-301F-11D3-BF4B-00C04F79EFBC}") = "BookLibrary", "BookLibrary\BookLibrary.csproj", "{83C9B3C0-4BF3-4266-AE37-E9C22C1F6A2C}"
EndProject
Global
	GlobalSection(SolutionConfigurationPlatforms) = preSolution
		Debug|Any CPU = Debug|Any CPU
		Release|Any CPU = Release|Any CPU
	EndGlobalSection
	GlobalSection(ProjectConfigurationPlatforms) = postSolution
		{83C9B3C0-4BF3-4266-AE37-E9C22C1F6A2C}.Debug|Any CPU.ActiveCfg = Debug|Any CPU
		{83C9B3C0-4BF3-4266-AE37-E9C22C1F6A2C}.Debug|Any CPU.Build.0 = Debug|Any CPU
		{83C9B3C0-4BF3-4266-AE37-E9C22C1F6A2C}.Release|Any CPU.ActiveCfg = Release|Any CPU
		{83C9B3C0-4BF3-4266-AE37-E9C22C1F6A2C}.Release|Any CPU.Build.0 = Release|Any CPU
	EndGlobalSection
	GlobalSection(SolutionProperties) = preSolution
		HideSolutionNode = FALSE
	EndGlobalSection
	GlobalSection(ExtensibilityGlobals) = postSolution
		SolutionGuid = {03038C4E-0407-46FC-9FE8-40AE7DADAB43}
	EndGlobalSection
EndGlobal
