
Microsoft Visual Studio Solution File, Format Version 12.00
# Visual Studio 15
VisualStudioVersion = 15.0.26730.16
MinimumVisualStudioVersion = 10.0.40219.1
Project("{FAE04EC0-301F-11D3-BF4B-00C04F79EFBC}") = "LegendaryFarming", "LegendaryFarming\LegendaryFarming.csproj", "{3AD82697-ED39-46A2-9235-F1BAD465B881}"
EndProject
Global
	GlobalSection(SolutionConfigurationPlatforms) = preSolution
		Debug|Any CPU = Debug|Any CPU
		Release|Any CPU = Release|Any CPU
	EndGlobalSection
	GlobalSection(ProjectConfigurationPlatforms) = postSolution
		{3AD82697-ED39-46A2-9235-F1BAD465B881}.Debug|Any CPU.ActiveCfg = Debug|Any CPU
		{3AD82697-ED39-46A2-9235-F1BAD465B881}.Debug|Any CPU.Build.0 = Debug|Any CPU
		{3AD82697-ED39-46A2-9235-F1BAD465B881}.Release|Any CPU.ActiveCfg = Release|Any CPU
		{3AD82697-ED39-46A2-9235-F1BAD465B881}.Release|Any CPU.Build.0 = Release|Any CPU
	EndGlobalSection
	GlobalSection(SolutionProperties) = preSolution
		HideSolutionNode = FALSE
	EndGlobalSection
	GlobalSection(ExtensibilityGlobals) = postSolution
		SolutionGuid = {361B2E9B-86B2-497D-B21D-2503A9997A6D}
	EndGlobalSection
EndGlobal
