
Microsoft Visual Studio Solution File, Format Version 12.00
# Visual Studio 15
VisualStudioVersion = 15.0.26730.16
MinimumVisualStudioVersion = 10.0.40219.1
Project("{FAE04EC0-301F-11D3-BF4B-00C04F79EFBC}") = "PairsByDifference", "PairsByDifference\PairsByDifference.csproj", "{07F9994E-FEEC-41BF-B1EC-02CA6C79FA45}"
EndProject
Global
	GlobalSection(SolutionConfigurationPlatforms) = preSolution
		Debug|Any CPU = Debug|Any CPU
		Release|Any CPU = Release|Any CPU
	EndGlobalSection
	GlobalSection(ProjectConfigurationPlatforms) = postSolution
		{07F9994E-FEEC-41BF-B1EC-02CA6C79FA45}.Debug|Any CPU.ActiveCfg = Debug|Any CPU
		{07F9994E-FEEC-41BF-B1EC-02CA6C79FA45}.Debug|Any CPU.Build.0 = Debug|Any CPU
		{07F9994E-FEEC-41BF-B1EC-02CA6C79FA45}.Release|Any CPU.ActiveCfg = Release|Any CPU
		{07F9994E-FEEC-41BF-B1EC-02CA6C79FA45}.Release|Any CPU.Build.0 = Release|Any CPU
	EndGlobalSection
	GlobalSection(SolutionProperties) = preSolution
		HideSolutionNode = FALSE
	EndGlobalSection
	GlobalSection(ExtensibilityGlobals) = postSolution
		SolutionGuid = {FE8D8682-3EDB-4160-9315-662092DD7CB1}
	EndGlobalSection
EndGlobal
