
Microsoft Visual Studio Solution File, Format Version 12.00
# Visual Studio 15
VisualStudioVersion = 15.0.26730.16
MinimumVisualStudioVersion = 10.0.40219.1
Project("{FAE04EC0-301F-11D3-BF4B-00C04F79EFBC}") = "SinoTheWalker", "SinoTheWalker\SinoTheWalker.csproj", "{E84BD11A-DAD5-4025-B6D1-F56D20B38D31}"
EndProject
Global
	GlobalSection(SolutionConfigurationPlatforms) = preSolution
		Debug|Any CPU = Debug|Any CPU
		Release|Any CPU = Release|Any CPU
	EndGlobalSection
	GlobalSection(ProjectConfigurationPlatforms) = postSolution
		{E84BD11A-DAD5-4025-B6D1-F56D20B38D31}.Debug|Any CPU.ActiveCfg = Debug|Any CPU
		{E84BD11A-DAD5-4025-B6D1-F56D20B38D31}.Debug|Any CPU.Build.0 = Debug|Any CPU
		{E84BD11A-DAD5-4025-B6D1-F56D20B38D31}.Release|Any CPU.ActiveCfg = Release|Any CPU
		{E84BD11A-DAD5-4025-B6D1-F56D20B38D31}.Release|Any CPU.Build.0 = Release|Any CPU
	EndGlobalSection
	GlobalSection(SolutionProperties) = preSolution
		HideSolutionNode = FALSE
	EndGlobalSection
	GlobalSection(ExtensibilityGlobals) = postSolution
		SolutionGuid = {910B3BA8-CFC5-4BF1-8F64-6E0AC7CBF5DA}
	EndGlobalSection
EndGlobal
