
Microsoft Visual Studio Solution File, Format Version 12.00
# Visual Studio 15
VisualStudioVersion = 15.0.26730.16
MinimumVisualStudioVersion = 10.0.40219.1
Project("{FAE04EC0-301F-11D3-BF4B-00C04F79EFBC}") = "HornetComm", "HornetComm\HornetComm.csproj", "{AE6D77FA-690F-4614-8735-C1A0B6978405}"
EndProject
Global
	GlobalSection(SolutionConfigurationPlatforms) = preSolution
		Debug|Any CPU = Debug|Any CPU
		Release|Any CPU = Release|Any CPU
	EndGlobalSection
	GlobalSection(ProjectConfigurationPlatforms) = postSolution
		{AE6D77FA-690F-4614-8735-C1A0B6978405}.Debug|Any CPU.ActiveCfg = Debug|Any CPU
		{AE6D77FA-690F-4614-8735-C1A0B6978405}.Debug|Any CPU.Build.0 = Debug|Any CPU
		{AE6D77FA-690F-4614-8735-C1A0B6978405}.Release|Any CPU.ActiveCfg = Release|Any CPU
		{AE6D77FA-690F-4614-8735-C1A0B6978405}.Release|Any CPU.Build.0 = Release|Any CPU
	EndGlobalSection
	GlobalSection(SolutionProperties) = preSolution
		HideSolutionNode = FALSE
	EndGlobalSection
	GlobalSection(ExtensibilityGlobals) = postSolution
		SolutionGuid = {6E991BE2-0822-45CE-A51A-C798E8ADCDF7}
	EndGlobalSection
EndGlobal
