
Microsoft Visual Studio Solution File, Format Version 12.00
# Visual Studio 15
VisualStudioVersion = 15.0.26730.16
MinimumVisualStudioVersion = 10.0.40219.1
Project("{FAE04EC0-301F-11D3-BF4B-00C04F79EFBC}") = "DifferentIntegersSize", "DifferentIntegersSize\DifferentIntegersSize.csproj", "{A1CF257C-15DC-424E-9909-461DE780C8A0}"
EndProject
Global
	GlobalSection(SolutionConfigurationPlatforms) = preSolution
		Debug|Any CPU = Debug|Any CPU
		Release|Any CPU = Release|Any CPU
	EndGlobalSection
	GlobalSection(ProjectConfigurationPlatforms) = postSolution
		{A1CF257C-15DC-424E-9909-461DE780C8A0}.Debug|Any CPU.ActiveCfg = Debug|Any CPU
		{A1CF257C-15DC-424E-9909-461DE780C8A0}.Debug|Any CPU.Build.0 = Debug|Any CPU
		{A1CF257C-15DC-424E-9909-461DE780C8A0}.Release|Any CPU.ActiveCfg = Release|Any CPU
		{A1CF257C-15DC-424E-9909-461DE780C8A0}.Release|Any CPU.Build.0 = Release|Any CPU
	EndGlobalSection
	GlobalSection(SolutionProperties) = preSolution
		HideSolutionNode = FALSE
	EndGlobalSection
	GlobalSection(ExtensibilityGlobals) = postSolution
		SolutionGuid = {0B048F6E-970B-4B05-AE37-DBB769FE96FB}
	EndGlobalSection
EndGlobal
