
Microsoft Visual Studio Solution File, Format Version 12.00
# Visual Studio 15
VisualStudioVersion = 15.0.26730.16
MinimumVisualStudioVersion = 10.0.40219.1
Project("{FAE04EC0-301F-11D3-BF4B-00C04F79EFBC}") = "CirclesIntersection", "CirclesIntersection\CirclesIntersection.csproj", "{8BBE2DFE-C308-4706-9091-F1F6E0FB578C}"
EndProject
Global
	GlobalSection(SolutionConfigurationPlatforms) = preSolution
		Debug|Any CPU = Debug|Any CPU
		Release|Any CPU = Release|Any CPU
	EndGlobalSection
	GlobalSection(ProjectConfigurationPlatforms) = postSolution
		{8BBE2DFE-C308-4706-9091-F1F6E0FB578C}.Debug|Any CPU.ActiveCfg = Debug|Any CPU
		{8BBE2DFE-C308-4706-9091-F1F6E0FB578C}.Debug|Any CPU.Build.0 = Debug|Any CPU
		{8BBE2DFE-C308-4706-9091-F1F6E0FB578C}.Release|Any CPU.ActiveCfg = Release|Any CPU
		{8BBE2DFE-C308-4706-9091-F1F6E0FB578C}.Release|Any CPU.Build.0 = Release|Any CPU
	EndGlobalSection
	GlobalSection(SolutionProperties) = preSolution
		HideSolutionNode = FALSE
	EndGlobalSection
	GlobalSection(ExtensibilityGlobals) = postSolution
		SolutionGuid = {A3C7FB66-543A-485F-B0EE-8D1CF969B391}
	EndGlobalSection
EndGlobal
