
Microsoft Visual Studio Solution File, Format Version 12.00
# Visual Studio 15
VisualStudioVersion = 15.0.26730.16
MinimumVisualStudioVersion = 10.0.40219.1
Project("{FAE04EC0-301F-11D3-BF4B-00C04F79EFBC}") = "FactorialTrailingZeroes", "FactorialTrailingZeroes\FactorialTrailingZeroes.csproj", "{4AFEFB85-7B9E-4577-85A3-8C99F6D2D694}"
EndProject
Global
	GlobalSection(SolutionConfigurationPlatforms) = preSolution
		Debug|Any CPU = Debug|Any CPU
		Release|Any CPU = Release|Any CPU
	EndGlobalSection
	GlobalSection(ProjectConfigurationPlatforms) = postSolution
		{4AFEFB85-7B9E-4577-85A3-8C99F6D2D694}.Debug|Any CPU.ActiveCfg = Debug|Any CPU
		{4AFEFB85-7B9E-4577-85A3-8C99F6D2D694}.Debug|Any CPU.Build.0 = Debug|Any CPU
		{4AFEFB85-7B9E-4577-85A3-8C99F6D2D694}.Release|Any CPU.ActiveCfg = Release|Any CPU
		{4AFEFB85-7B9E-4577-85A3-8C99F6D2D694}.Release|Any CPU.Build.0 = Release|Any CPU
	EndGlobalSection
	GlobalSection(SolutionProperties) = preSolution
		HideSolutionNode = FALSE
	EndGlobalSection
	GlobalSection(ExtensibilityGlobals) = postSolution
		SolutionGuid = {FE2B2B23-3EF2-4E10-9BE8-6E370F8BD64A}
	EndGlobalSection
EndGlobal
