
Microsoft Visual Studio Solution File, Format Version 12.00
# Visual Studio 15
VisualStudioVersion = 15.0.26730.16
MinimumVisualStudioVersion = 10.0.40219.1
Project("{FAE04EC0-301F-11D3-BF4B-00C04F79EFBC}") = "CubeProperties", "CubeProperties\CubeProperties.csproj", "{9159445F-C403-4878-96C8-01E650D2305A}"
EndProject
Global
	GlobalSection(SolutionConfigurationPlatforms) = preSolution
		Debug|Any CPU = Debug|Any CPU
		Release|Any CPU = Release|Any CPU
	EndGlobalSection
	GlobalSection(ProjectConfigurationPlatforms) = postSolution
		{9159445F-C403-4878-96C8-01E650D2305A}.Debug|Any CPU.ActiveCfg = Debug|Any CPU
		{9159445F-C403-4878-96C8-01E650D2305A}.Debug|Any CPU.Build.0 = Debug|Any CPU
		{9159445F-C403-4878-96C8-01E650D2305A}.Release|Any CPU.ActiveCfg = Release|Any CPU
		{9159445F-C403-4878-96C8-01E650D2305A}.Release|Any CPU.Build.0 = Release|Any CPU
	EndGlobalSection
	GlobalSection(SolutionProperties) = preSolution
		HideSolutionNode = FALSE
	EndGlobalSection
	GlobalSection(ExtensibilityGlobals) = postSolution
		SolutionGuid = {D93DF2B6-80E2-45DC-ADD4-2E4A6AB69D03}
	EndGlobalSection
EndGlobal
