
Microsoft Visual Studio Solution File, Format Version 12.00
# Visual Studio 15
VisualStudioVersion = 15.0.26730.16
MinimumVisualStudioVersion = 10.0.40219.1
Project("{FAE04EC0-301F-11D3-BF4B-00C04F79EFBC}") = "PokeMon", "PokeMon\PokeMon.csproj", "{EB6FAA79-90A2-43D4-A3F7-A0C9246F42D0}"
EndProject
Global
	GlobalSection(SolutionConfigurationPlatforms) = preSolution
		Debug|Any CPU = Debug|Any CPU
		Release|Any CPU = Release|Any CPU
	EndGlobalSection
	GlobalSection(ProjectConfigurationPlatforms) = postSolution
		{EB6FAA79-90A2-43D4-A3F7-A0C9246F42D0}.Debug|Any CPU.ActiveCfg = Debug|Any CPU
		{EB6FAA79-90A2-43D4-A3F7-A0C9246F42D0}.Debug|Any CPU.Build.0 = Debug|Any CPU
		{EB6FAA79-90A2-43D4-A3F7-A0C9246F42D0}.Release|Any CPU.ActiveCfg = Release|Any CPU
		{EB6FAA79-90A2-43D4-A3F7-A0C9246F42D0}.Release|Any CPU.Build.0 = Release|Any CPU
	EndGlobalSection
	GlobalSection(SolutionProperties) = preSolution
		HideSolutionNode = FALSE
	EndGlobalSection
	GlobalSection(ExtensibilityGlobals) = postSolution
		SolutionGuid = {F5A705F6-BB4B-426A-ADDE-26F1385D9774}
	EndGlobalSection
EndGlobal
