
Microsoft Visual Studio Solution File, Format Version 12.00
# Visual Studio 15
VisualStudioVersion = 15.0.26730.16
MinimumVisualStudioVersion = 10.0.40219.1
Project("{FAE04EC0-301F-11D3-BF4B-00C04F79EFBC}") = "LongerLine", "LongerLine\LongerLine.csproj", "{77B0BA21-1F6E-4F5E-8DEB-96E995006869}"
EndProject
Global
	GlobalSection(SolutionConfigurationPlatforms) = preSolution
		Debug|Any CPU = Debug|Any CPU
		Release|Any CPU = Release|Any CPU
	EndGlobalSection
	GlobalSection(ProjectConfigurationPlatforms) = postSolution
		{77B0BA21-1F6E-4F5E-8DEB-96E995006869}.Debug|Any CPU.ActiveCfg = Debug|Any CPU
		{77B0BA21-1F6E-4F5E-8DEB-96E995006869}.Debug|Any CPU.Build.0 = Debug|Any CPU
		{77B0BA21-1F6E-4F5E-8DEB-96E995006869}.Release|Any CPU.ActiveCfg = Release|Any CPU
		{77B0BA21-1F6E-4F5E-8DEB-96E995006869}.Release|Any CPU.Build.0 = Release|Any CPU
	EndGlobalSection
	GlobalSection(SolutionProperties) = preSolution
		HideSolutionNode = FALSE
	EndGlobalSection
	GlobalSection(ExtensibilityGlobals) = postSolution
		SolutionGuid = {D011A8DA-26C4-4FA5-9576-DBA586CA67B6}
	EndGlobalSection
EndGlobal
