
Microsoft Visual Studio Solution File, Format Version 12.00
# Visual Studio 15
VisualStudioVersion = 15.0.26730.16
MinimumVisualStudioVersion = 10.0.40219.1
Project("{FAE04EC0-301F-11D3-BF4B-00C04F79EFBC}") = "ChangeList", "ChangeList\ChangeList.csproj", "{4AF6DECC-46AD-4233-A0E1-466528813163}"
EndProject
Global
	GlobalSection(SolutionConfigurationPlatforms) = preSolution
		Debug|Any CPU = Debug|Any CPU
		Release|Any CPU = Release|Any CPU
	EndGlobalSection
	GlobalSection(ProjectConfigurationPlatforms) = postSolution
		{4AF6DECC-46AD-4233-A0E1-466528813163}.Debug|Any CPU.ActiveCfg = Debug|Any CPU
		{4AF6DECC-46AD-4233-A0E1-466528813163}.Debug|Any CPU.Build.0 = Debug|Any CPU
		{4AF6DECC-46AD-4233-A0E1-466528813163}.Release|Any CPU.ActiveCfg = Release|Any CPU
		{4AF6DECC-46AD-4233-A0E1-466528813163}.Release|Any CPU.Build.0 = Release|Any CPU
	EndGlobalSection
	GlobalSection(SolutionProperties) = preSolution
		HideSolutionNode = FALSE
	EndGlobalSection
	GlobalSection(ExtensibilityGlobals) = postSolution
		SolutionGuid = {1E9F57E8-8982-40CA-84A2-F583A3A483A0}
	EndGlobalSection
EndGlobal
