
Microsoft Visual Studio Solution File, Format Version 12.00
# Visual Studio 15
VisualStudioVersion = 15.0.26730.16
MinimumVisualStudioVersion = 10.0.40219.1
Project("{FAE04EC0-301F-11D3-BF4B-00C04F79EFBC}") = "QueryMess", "QueryMess\QueryMess.csproj", "{A229B986-3FDF-4D0F-AD11-323FF0E72F02}"
EndProject
Global
	GlobalSection(SolutionConfigurationPlatforms) = preSolution
		Debug|Any CPU = Debug|Any CPU
		Release|Any CPU = Release|Any CPU
	EndGlobalSection
	GlobalSection(ProjectConfigurationPlatforms) = postSolution
		{A229B986-3FDF-4D0F-AD11-323FF0E72F02}.Debug|Any CPU.ActiveCfg = Debug|Any CPU
		{A229B986-3FDF-4D0F-AD11-323FF0E72F02}.Debug|Any CPU.Build.0 = Debug|Any CPU
		{A229B986-3FDF-4D0F-AD11-323FF0E72F02}.Release|Any CPU.ActiveCfg = Release|Any CPU
		{A229B986-3FDF-4D0F-AD11-323FF0E72F02}.Release|Any CPU.Build.0 = Release|Any CPU
	EndGlobalSection
	GlobalSection(SolutionProperties) = preSolution
		HideSolutionNode = FALSE
	EndGlobalSection
	GlobalSection(ExtensibilityGlobals) = postSolution
		SolutionGuid = {6EBA9EB3-4520-4B7E-86B0-85BC7E41C2EA}
	EndGlobalSection
EndGlobal
