
Microsoft Visual Studio Solution File, Format Version 12.00
# Visual Studio 15
VisualStudioVersion = 15.0.26730.16
MinimumVisualStudioVersion = 10.0.40219.1
Project("{FAE04EC0-301F-11D3-BF4B-00C04F79EFBC}") = "NumbersInReversedOrder", "NumbersInReversedOrder\NumbersInReversedOrder.csproj", "{F608998A-42D6-4081-B6D7-FBB9A9A5B22F}"
EndProject
Global
	GlobalSection(SolutionConfigurationPlatforms) = preSolution
		Debug|Any CPU = Debug|Any CPU
		Release|Any CPU = Release|Any CPU
	EndGlobalSection
	GlobalSection(ProjectConfigurationPlatforms) = postSolution
		{F608998A-42D6-4081-B6D7-FBB9A9A5B22F}.Debug|Any CPU.ActiveCfg = Debug|Any CPU
		{F608998A-42D6-4081-B6D7-FBB9A9A5B22F}.Debug|Any CPU.Build.0 = Debug|Any CPU
		{F608998A-42D6-4081-B6D7-FBB9A9A5B22F}.Release|Any CPU.ActiveCfg = Release|Any CPU
		{F608998A-42D6-4081-B6D7-FBB9A9A5B22F}.Release|Any CPU.Build.0 = Release|Any CPU
	EndGlobalSection
	GlobalSection(SolutionProperties) = preSolution
		HideSolutionNode = FALSE
	EndGlobalSection
	GlobalSection(ExtensibilityGlobals) = postSolution
		SolutionGuid = {41C46F95-9644-4BB4-9228-DC8B916F7740}
	EndGlobalSection
EndGlobal
