
Microsoft Visual Studio Solution File, Format Version 12.00
# Visual Studio 15
VisualStudioVersion = 15.0.26430.14
MinimumVisualStudioVersion = 10.0.40219.1
Project("{FAE04EC0-301F-11D3-BF4B-00C04F79EFBC}") = "RectangleProperties", "RectangleProperties\RectangleProperties.csproj", "{03B3606B-5814-42FD-975E-D7A0239F0458}"
EndProject
Global
	GlobalSection(SolutionConfigurationPlatforms) = preSolution
		Debug|Any CPU = Debug|Any CPU
		Release|Any CPU = Release|Any CPU
	EndGlobalSection
	GlobalSection(ProjectConfigurationPlatforms) = postSolution
		{03B3606B-5814-42FD-975E-D7A0239F0458}.Debug|Any CPU.ActiveCfg = Debug|Any CPU
		{03B3606B-5814-42FD-975E-D7A0239F0458}.Debug|Any CPU.Build.0 = Debug|Any CPU
		{03B3606B-5814-42FD-975E-D7A0239F0458}.Release|Any CPU.ActiveCfg = Release|Any CPU
		{03B3606B-5814-42FD-975E-D7A0239F0458}.Release|Any CPU.Build.0 = Release|Any CPU
	EndGlobalSection
	GlobalSection(SolutionProperties) = preSolution
		HideSolutionNode = FALSE
	EndGlobalSection
EndGlobal
