
Microsoft Visual Studio Solution File, Format Version 12.00
# Visual Studio 15
VisualStudioVersion = 15.0.26730.16
MinimumVisualStudioVersion = 10.0.40219.1
Project("{FAE04EC0-301F-11D3-BF4B-00C04F79EFBC}") = "PhonebookUpgrade", "PhonebookUpgrade\PhonebookUpgrade.csproj", "{56DA546F-60E7-474A-A7B1-2C421D66E93D}"
EndProject
Global
	GlobalSection(SolutionConfigurationPlatforms) = preSolution
		Debug|Any CPU = Debug|Any CPU
		Release|Any CPU = Release|Any CPU
	EndGlobalSection
	GlobalSection(ProjectConfigurationPlatforms) = postSolution
		{56DA546F-60E7-474A-A7B1-2C421D66E93D}.Debug|Any CPU.ActiveCfg = Debug|Any CPU
		{56DA546F-60E7-474A-A7B1-2C421D66E93D}.Debug|Any CPU.Build.0 = Debug|Any CPU
		{56DA546F-60E7-474A-A7B1-2C421D66E93D}.Release|Any CPU.ActiveCfg = Release|Any CPU
		{56DA546F-60E7-474A-A7B1-2C421D66E93D}.Release|Any CPU.Build.0 = Release|Any CPU
	EndGlobalSection
	GlobalSection(SolutionProperties) = preSolution
		HideSolutionNode = FALSE
	EndGlobalSection
	GlobalSection(ExtensibilityGlobals) = postSolution
		SolutionGuid = {26430B53-77AA-4986-B9DF-D4AEAB909B34}
	EndGlobalSection
EndGlobal
