
Microsoft Visual Studio Solution File, Format Version 12.00
# Visual Studio 15
VisualStudioVersion = 15.0.26730.16
MinimumVisualStudioVersion = 10.0.40219.1
Project("{FAE04EC0-301F-11D3-BF4B-00C04F79EFBC}") = "ValidUsernames", "ValidUsernames\ValidUsernames.csproj", "{488BE12A-EA1A-4F0C-B5D6-370AC158EDE5}"
EndProject
Global
	GlobalSection(SolutionConfigurationPlatforms) = preSolution
		Debug|Any CPU = Debug|Any CPU
		Release|Any CPU = Release|Any CPU
	EndGlobalSection
	GlobalSection(ProjectConfigurationPlatforms) = postSolution
		{488BE12A-EA1A-4F0C-B5D6-370AC158EDE5}.Debug|Any CPU.ActiveCfg = Debug|Any CPU
		{488BE12A-EA1A-4F0C-B5D6-370AC158EDE5}.Debug|Any CPU.Build.0 = Debug|Any CPU
		{488BE12A-EA1A-4F0C-B5D6-370AC158EDE5}.Release|Any CPU.ActiveCfg = Release|Any CPU
		{488BE12A-EA1A-4F0C-B5D6-370AC158EDE5}.Release|Any CPU.Build.0 = Release|Any CPU
	EndGlobalSection
	GlobalSection(SolutionProperties) = preSolution
		HideSolutionNode = FALSE
	EndGlobalSection
	GlobalSection(ExtensibilityGlobals) = postSolution
		SolutionGuid = {6CD45AE0-446E-4739-B498-C5FBFD2CE782}
	EndGlobalSection
EndGlobal
