
Microsoft Visual Studio Solution File, Format Version 12.00
# Visual Studio 15
VisualStudioVersion = 15.0.26730.16
MinimumVisualStudioVersion = 10.0.40219.1
Project("{FAE04EC0-301F-11D3-BF4B-00C04F79EFBC}") = "HelloName", "HelloName\HelloName.csproj", "{788B8FFD-2079-4497-9CEC-3E7F2E3322C4}"
EndProject
Global
	GlobalSection(SolutionConfigurationPlatforms) = preSolution
		Debug|Any CPU = Debug|Any CPU
		Release|Any CPU = Release|Any CPU
	EndGlobalSection
	GlobalSection(ProjectConfigurationPlatforms) = postSolution
		{788B8FFD-2079-4497-9CEC-3E7F2E3322C4}.Debug|Any CPU.ActiveCfg = Debug|Any CPU
		{788B8FFD-2079-4497-9CEC-3E7F2E3322C4}.Debug|Any CPU.Build.0 = Debug|Any CPU
		{788B8FFD-2079-4497-9CEC-3E7F2E3322C4}.Release|Any CPU.ActiveCfg = Release|Any CPU
		{788B8FFD-2079-4497-9CEC-3E7F2E3322C4}.Release|Any CPU.Build.0 = Release|Any CPU
	EndGlobalSection
	GlobalSection(SolutionProperties) = preSolution
		HideSolutionNode = FALSE
	EndGlobalSection
	GlobalSection(ExtensibilityGlobals) = postSolution
		SolutionGuid = {0F55E2A5-6DEE-431F-95C2-4816603A3703}
	EndGlobalSection
EndGlobal
